
Microsoft Visual Studio Solution File, Format Version 12.00
# Visual Studio Version 17
VisualStudioVersion = 17.14.37027.9 d17.14
MinimumVisualStudioVersion = 10.0.40219.1
Project("{FAE04EC0-301F-11D3-BF4B-00C04F79EFBC}") = "Bai7", "Bai7.csproj", "{2FF82912-E7A4-4FA7-A0D1-28D0CEF22847}"
EndProject
Global
	GlobalSection(SolutionConfigurationPlatforms) = preSolution
		Debug|Any CPU = Debug|Any CPU
		Release|Any CPU = Release|Any CPU
	EndGlobalSection
	GlobalSection(ProjectConfigurationPlatforms) = postSolution
		{2FF82912-E7A4-4FA7-A0D1-28D0CEF22847}.Debug|Any CPU.ActiveCfg = Debug|Any CPU
		{2FF82912-E7A4-4FA7-A0D1-28D0CEF22847}.Debug|Any CPU.Build.0 = Debug|Any CPU
		{2FF82912-E7A4-4FA7-A0D1-28D0CEF22847}.Release|Any CPU.ActiveCfg = Release|Any CPU
		{2FF82912-E7A4-4FA7-A0D1-28D0CEF22847}.Release|Any CPU.Build.0 = Release|Any CPU
	EndGlobalSection
	GlobalSection(SolutionProperties) = preSolution
		HideSolutionNode = FALSE
	EndGlobalSection
	GlobalSection(ExtensibilityGlobals) = postSolution
		SolutionGuid = {B9892336-7195-4E5F-868C-08D76AE8EC55}
	EndGlobalSection
EndGlobal
