
Microsoft Visual Studio Solution File, Format Version 12.00
# Visual Studio Version 17
VisualStudioVersion = 17.14.37111.16 d17.14
MinimumVisualStudioVersion = 10.0.40219.1
Project("{FAE04EC0-301F-11D3-BF4B-00C04F79EFBC}") = "Bai18", "Bai18.csproj", "{DE31D63C-994E-4B2D-A0F5-EF18D5665522}"
EndProject
Global
	GlobalSection(SolutionConfigurationPlatforms) = preSolution
		Debug|Any CPU = Debug|Any CPU
		Release|Any CPU = Release|Any CPU
	EndGlobalSection
	GlobalSection(ProjectConfigurationPlatforms) = postSolution
		{DE31D63C-994E-4B2D-A0F5-EF18D5665522}.Debug|Any CPU.ActiveCfg = Debug|Any CPU
		{DE31D63C-994E-4B2D-A0F5-EF18D5665522}.Debug|Any CPU.Build.0 = Debug|Any CPU
		{DE31D63C-994E-4B2D-A0F5-EF18D5665522}.Release|Any CPU.ActiveCfg = Release|Any CPU
		{DE31D63C-994E-4B2D-A0F5-EF18D5665522}.Release|Any CPU.Build.0 = Release|Any CPU
	EndGlobalSection
	GlobalSection(SolutionProperties) = preSolution
		HideSolutionNode = FALSE
	EndGlobalSection
	GlobalSection(ExtensibilityGlobals) = postSolution
		SolutionGuid = {244267B8-ECD5-4529-940D-A55008C8A893}
	EndGlobalSection
EndGlobal
