
Microsoft Visual Studio Solution File, Format Version 12.00
# Visual Studio Version 17
VisualStudioVersion = 17.14.37027.9 d17.14
MinimumVisualStudioVersion = 10.0.40219.1
Project("{FAE04EC0-301F-11D3-BF4B-00C04F79EFBC}") = "Bai12", "Bai12.csproj", "{7C0A534C-978E-4957-A1D9-46CBAF5D2138}"
EndProject
Global
	GlobalSection(SolutionConfigurationPlatforms) = preSolution
		Debug|Any CPU = Debug|Any CPU
		Release|Any CPU = Release|Any CPU
	EndGlobalSection
	GlobalSection(ProjectConfigurationPlatforms) = postSolution
		{7C0A534C-978E-4957-A1D9-46CBAF5D2138}.Debug|Any CPU.ActiveCfg = Debug|Any CPU
		{7C0A534C-978E-4957-A1D9-46CBAF5D2138}.Debug|Any CPU.Build.0 = Debug|Any CPU
		{7C0A534C-978E-4957-A1D9-46CBAF5D2138}.Release|Any CPU.ActiveCfg = Release|Any CPU
		{7C0A534C-978E-4957-A1D9-46CBAF5D2138}.Release|Any CPU.Build.0 = Release|Any CPU
	EndGlobalSection
	GlobalSection(SolutionProperties) = preSolution
		HideSolutionNode = FALSE
	EndGlobalSection
	GlobalSection(ExtensibilityGlobals) = postSolution
		SolutionGuid = {0BAC2968-002B-42C6-B210-5E064D0A1BF6}
	EndGlobalSection
EndGlobal
