
Microsoft Visual Studio Solution File, Format Version 12.00
# Visual Studio Version 17
VisualStudioVersion = 17.14.37027.9 d17.14
MinimumVisualStudioVersion = 10.0.40219.1
Project("{FAE04EC0-301F-11D3-BF4B-00C04F79EFBC}") = "Bai1", "Bai1.csproj", "{3E7FD3B9-A7AC-45EB-8A04-3AD34D61425F}"
EndProject
Global
	GlobalSection(SolutionConfigurationPlatforms) = preSolution
		Debug|Any CPU = Debug|Any CPU
		Release|Any CPU = Release|Any CPU
	EndGlobalSection
	GlobalSection(ProjectConfigurationPlatforms) = postSolution
		{3E7FD3B9-A7AC-45EB-8A04-3AD34D61425F}.Debug|Any CPU.ActiveCfg = Debug|Any CPU
		{3E7FD3B9-A7AC-45EB-8A04-3AD34D61425F}.Debug|Any CPU.Build.0 = Debug|Any CPU
		{3E7FD3B9-A7AC-45EB-8A04-3AD34D61425F}.Release|Any CPU.ActiveCfg = Release|Any CPU
		{3E7FD3B9-A7AC-45EB-8A04-3AD34D61425F}.Release|Any CPU.Build.0 = Release|Any CPU
	EndGlobalSection
	GlobalSection(SolutionProperties) = preSolution
		HideSolutionNode = FALSE
	EndGlobalSection
	GlobalSection(ExtensibilityGlobals) = postSolution
		SolutionGuid = {71C4EAE3-6CE1-410A-AAA1-E314CAD5F259}
	EndGlobalSection
EndGlobal
